// !$*UTF8*$!
{
	archiveVersion = 1;
	classes = {
	};
	objectVersion = 50;
	objects = {

/* Begin PBXBuildFile section */
		847AFC782639643E006C7B5D /* AppDelegate.swift in Sources */ = {isa = PBXBuildFile; fileRef = 847AFC772639643E006C7B5D /* AppDelegate.swift */; };
		847AFC7A2639643E006C7B5D /* SceneDelegate.swift in Sources */ = {isa = PBXBuildFile; fileRef = 847AFC792639643E006C7B5D /* SceneDelegate.swift */; };
		847AFC7C2639643E006C7B5D /* ViewController.swift in Sources */ = {isa = PBXBuildFile; fileRef = 847AFC7B2639643E006C7B5D /* ViewController.swift */; };
		847AFC7F2639643E006C7B5D /* Main.storyboard in Resources */ = {isa = PBXBuildFile; fileRef = 847AFC7D2639643E006C7B5D /* Main.storyboard */; };
		847AFC812639643F006C7B5D /* Assets.xcassets in Resources */ = {isa = PBXBuildFile; fileRef = 847AFC802639643F006C7B5D /* Assets.xcassets */; };
		847AFC842639643F006C7B5D /* LaunchScreen.storyboard in Resources */ = {isa = PBXBuildFile; fileRef = 847AFC822639643F006C7B5D /* LaunchScreen.storyboard */; };
		847AFC8F2639643F006C7B5D /* AppTestTests.swift in Sources */ = {isa = PBXBuildFile; fileRef = 847AFC8E2639643F006C7B5D /* AppTestTests.swift */; };
		847AFC9A2639643F006C7B5D /* AppTestUITests.swift in Sources */ = {isa = PBXBuildFile; fileRef = 847AFC992639643F006C7B5D /* AppTestUITests.swift */; };
		847AFD2026397243006C7B5D /* ScanCardFrameWork.framework in Frameworks */ = {isa = PBXBuildFile; fileRef = 847AFD1C26397217006C7B5D /* ScanCardFrameWork.framework */; };
		847AFD2126397243006C7B5D /* ScanCardFrameWork.framework in Embed Frameworks */ = {isa = PBXBuildFile; fileRef = 847AFD1C26397217006C7B5D /* ScanCardFrameWork.framework */; settings = {ATTRIBUTES = (CodeSignOnCopy, RemoveHeadersOnCopy, ); }; };
/* End PBXBuildFile section */

/* Begin PBXContainerItemProxy section */
		847AFC8B2639643F006C7B5D /* PBXContainerItemProxy */ = {
			isa = PBXContainerItemProxy;
			containerPortal = 847AFC6C2639643E006C7B5D /* Project object */;
			proxyType = 1;
			remoteGlobalIDString = 847AFC732639643E006C7B5D;
			remoteInfo = AppTest;
		};
		847AFC962639643F006C7B5D /* PBXContainerItemProxy */ = {
			isa = PBXContainerItemProxy;
			containerPortal = 847AFC6C2639643E006C7B5D /* Project object */;
			proxyType = 1;
			remoteGlobalIDString = 847AFC732639643E006C7B5D;
			remoteInfo = AppTest;
		};
/* End PBXContainerItemProxy section */

/* Begin PBXCopyFilesBuildPhase section */
		847AFCB3263964A8006C7B5D /* Embed Frameworks */ = {
			isa = PBXCopyFilesBuildPhase;
			buildActionMask = 2147483647;
			dstPath = "";
			dstSubfolderSpec = 10;
			files = (
				847AFD2126397243006C7B5D /* ScanCardFrameWork.framework in Embed Frameworks */,
			);
			name = "Embed Frameworks";
			runOnlyForDeploymentPostprocessing = 0;
		};
/* End PBXCopyFilesBuildPhase section */

/* Begin PBXFileReference section */
		847AFC742639643E006C7B5D /* AppTest.app */ = {isa = PBXFileReference; explicitFileType = wrapper.application; includeInIndex = 0; path = AppTest.app; sourceTree = BUILT_PRODUCTS_DIR; };
		847AFC772639643E006C7B5D /* AppDelegate.swift */ = {isa = PBXFileReference; lastKnownFileType = sourcecode.swift; path = AppDelegate.swift; sourceTree = "<group>"; };
		847AFC792639643E006C7B5D /* SceneDelegate.swift */ = {isa = PBXFileReference; lastKnownFileType = sourcecode.swift; path = SceneDelegate.swift; sourceTree = "<group>"; };
		847AFC7B2639643E006C7B5D /* ViewController.swift */ = {isa = PBXFileReference; lastKnownFileType = sourcecode.swift; path = ViewController.swift; sourceTree = "<group>"; };
		847AFC7E2639643E006C7B5D /* Base */ = {isa = PBXFileReference; lastKnownFileType = file.storyboard; name = Base; path = Base.lproj/Main.storyboard; sourceTree = "<group>"; };
		847AFC802639643F006C7B5D /* Assets.xcassets */ = {isa = PBXFileReference; lastKnownFileType = folder.assetcatalog; path = Assets.xcassets; sourceTree = "<group>"; };
		847AFC832639643F006C7B5D /* Base */ = {isa = PBXFileReference; lastKnownFileType = file.storyboard; name = Base; path = Base.lproj/LaunchScreen.storyboard; sourceTree = "<group>"; };
		847AFC852639643F006C7B5D /* Info.plist */ = {isa = PBXFileReference; lastKnownFileType = text.plist.xml; path = Info.plist; sourceTree = "<group>"; };
		847AFC8A2639643F006C7B5D /* AppTestTests.xctest */ = {isa = PBXFileReference; explicitFileType = wrapper.cfbundle; includeInIndex = 0; path = AppTestTests.xctest; sourceTree = BUILT_PRODUCTS_DIR; };
		847AFC8E2639643F006C7B5D /* AppTestTests.swift */ = {isa = PBXFileReference; lastKnownFileType = sourcecode.swift; path = AppTestTests.swift; sourceTree = "<group>"; };
		847AFC902639643F006C7B5D /* Info.plist */ = {isa = PBXFileReference; lastKnownFileType = text.plist.xml; path = Info.plist; sourceTree = "<group>"; };
		847AFC952639643F006C7B5D /* AppTestUITests.xctest */ = {isa = PBXFileReference; explicitFileType = wrapper.cfbundle; includeInIndex = 0; path = AppTestUITests.xctest; sourceTree = BUILT_PRODUCTS_DIR; };
		847AFC992639643F006C7B5D /* AppTestUITests.swift */ = {isa = PBXFileReference; lastKnownFileType = sourcecode.swift; path = AppTestUITests.swift; sourceTree = "<group>"; };
		847AFC9B2639643F006C7B5D /* Info.plist */ = {isa = PBXFileReference; lastKnownFileType = text.plist.xml; path = Info.plist; sourceTree = "<group>"; };
		847AFD1C26397217006C7B5D /* ScanCardFrameWork.framework */ = {isa = PBXFileReference; lastKnownFileType = wrapper.framework; path = ScanCardFrameWork.framework; sourceTree = "<group>"; };
/* End PBXFileReference section */

/* Begin PBXFrameworksBuildPhase section */
		847AFC712639643E006C7B5D /* Frameworks */ = {
			isa = PBXFrameworksBuildPhase;
			buildActionMask = 2147483647;
			files = (
				847AFD2026397243006C7B5D /* ScanCardFrameWork.framework in Frameworks */,
			);
			runOnlyForDeploymentPostprocessing = 0;
		};
		847AFC872639643F006C7B5D /* Frameworks */ = {
			isa = PBXFrameworksBuildPhase;
			buildActionMask = 2147483647;
			files = (
			);
			runOnlyForDeploymentPostprocessing = 0;
		};
		847AFC922639643F006C7B5D /* Frameworks */ = {
			isa = PBXFrameworksBuildPhase;
			buildActionMask = 2147483647;
			files = (
			);
			runOnlyForDeploymentPostprocessing = 0;
		};
/* End PBXFrameworksBuildPhase section */

/* Begin PBXGroup section */
		847AFC6B2639643E006C7B5D = {
			isa = PBXGroup;
			children = (
				847AFCAA26396446006C7B5D /* FrameWorks */,
				847AFC762639643E006C7B5D /* AppTest */,
				847AFC8D2639643F006C7B5D /* AppTestTests */,
				847AFC982639643F006C7B5D /* AppTestUITests */,
				847AFC752639643E006C7B5D /* Products */,
			);
			sourceTree = "<group>";
		};
		847AFC752639643E006C7B5D /* Products */ = {
			isa = PBXGroup;
			children = (
				847AFC742639643E006C7B5D /* AppTest.app */,
				847AFC8A2639643F006C7B5D /* AppTestTests.xctest */,
				847AFC952639643F006C7B5D /* AppTestUITests.xctest */,
			);
			name = Products;
			sourceTree = "<group>";
		};
		847AFC762639643E006C7B5D /* AppTest */ = {
			isa = PBXGroup;
			children = (
				847AFC772639643E006C7B5D /* AppDelegate.swift */,
				847AFC792639643E006C7B5D /* SceneDelegate.swift */,
				847AFC7B2639643E006C7B5D /* ViewController.swift */,
				847AFC7D2639643E006C7B5D /* Main.storyboard */,
				847AFC802639643F006C7B5D /* Assets.xcassets */,
				847AFC822639643F006C7B5D /* LaunchScreen.storyboard */,
				847AFC852639643F006C7B5D /* Info.plist */,
			);
			path = AppTest;
			sourceTree = "<group>";
		};
		847AFC8D2639643F006C7B5D /* AppTestTests */ = {
			isa = PBXGroup;
			children = (
				847AFC8E2639643F006C7B5D /* AppTestTests.swift */,
				847AFC902639643F006C7B5D /* Info.plist */,
			);
			path = AppTestTests;
			sourceTree = "<group>";
		};
		847AFC982639643F006C7B5D /* AppTestUITests */ = {
			isa = PBXGroup;
			children = (
				847AFC992639643F006C7B5D /* AppTestUITests.swift */,
				847AFC9B2639643F006C7B5D /* Info.plist */,
			);
			path = AppTestUITests;
			sourceTree = "<group>";
		};
		847AFCAA26396446006C7B5D /* FrameWorks */ = {
			isa = PBXGroup;
			children = (
				847AFD1C26397217006C7B5D /* ScanCardFrameWork.framework */,
			);
			path = FrameWorks;
			sourceTree = "<group>";
		};
/* End PBXGroup section */

/* Begin PBXNativeTarget section */
		847AFC732639643E006C7B5D /* AppTest */ = {
			isa = PBXNativeTarget;
			buildConfigurationList = 847AFC9E2639643F006C7B5D /* Build configuration list for PBXNativeTarget "AppTest" */;
			buildPhases = (
				847AFC702639643E006C7B5D /* Sources */,
				847AFC712639643E006C7B5D /* Frameworks */,
				847AFC722639643E006C7B5D /* Resources */,
				847AFCB3263964A8006C7B5D /* Embed Frameworks */,
			);
			buildRules = (
			);
			dependencies = (
			);
			name = AppTest;
			productName = AppTest;
			productReference = 847AFC742639643E006C7B5D /* AppTest.app */;
			productType = "com.apple.product-type.application";
		};
		847AFC892639643F006C7B5D /* AppTestTests */ = {
			isa = PBXNativeTarget;
			buildConfigurationList = 847AFCA12639643F006C7B5D /* Build configuration list for PBXNativeTarget "AppTestTests" */;
			buildPhases = (
				847AFC862639643F006C7B5D /* Sources */,
				847AFC872639643F006C7B5D /* Frameworks */,
				847AFC882639643F006C7B5D /* Resources */,
			);
			buildRules = (
			);
			dependencies = (
				847AFC8C2639643F006C7B5D /* PBXTargetDependency */,
			);
			name = AppTestTests;
			productName = AppTestTests;
			productReference = 847AFC8A2639643F006C7B5D /* AppTestTests.xctest */;
			productType = "com.apple.product-type.bundle.unit-test";
		};
		847AFC942639643F006C7B5D /* AppTestUITests */ = {
			isa = PBXNativeTarget;
			buildConfigurationList = 847AFCA42639643F006C7B5D /* Build configuration list for PBXNativeTarget "AppTestUITests" */;
			buildPhases = (
				847AFC912639643F006C7B5D /* Sources */,
				847AFC922639643F006C7B5D /* Frameworks */,
				847AFC932639643F006C7B5D /* Resources */,
			);
			buildRules = (
			);
			dependencies = (
				847AFC972639643F006C7B5D /* PBXTargetDependency */,
			);
			name = AppTestUITests;
			productName = AppTestUITests;
			productReference = 847AFC952639643F006C7B5D /* AppTestUITests.xctest */;
			productType = "com.apple.product-type.bundle.ui-testing";
		};
/* End PBXNativeTarget section */

/* Begin PBXProject section */
		847AFC6C2639643E006C7B5D /* Project object */ = {
			isa = PBXProject;
			attributes = {
				LastSwiftUpdateCheck = 1240;
				LastUpgradeCheck = 1240;
				TargetAttributes = {
					847AFC732639643E006C7B5D = {
						CreatedOnToolsVersion = 12.4;
					};
					847AFC892639643F006C7B5D = {
						CreatedOnToolsVersion = 12.4;
						TestTargetID = 847AFC732639643E006C7B5D;
					};
					847AFC942639643F006C7B5D = {
						CreatedOnToolsVersion = 12.4;
						TestTargetID = 847AFC732639643E006C7B5D;
					};
				};
			};
			buildConfigurationList = 847AFC6F2639643E006C7B5D /* Build configuration list for PBXProject "AppTest" */;
			compatibilityVersion = "Xcode 9.3";
			developmentRegion = en;
			hasScannedForEncodings = 0;
			knownRegions = (
				en,
				Base,
			);
			mainGroup = 847AFC6B2639643E006C7B5D;
			productRefGroup = 847AFC752639643E006C7B5D /* Products */;
			projectDirPath = "";
			projectRoot = "";
			targets = (
				847AFC732639643E006C7B5D /* AppTest */,
				847AFC892639643F006C7B5D /* AppTestTests */,
				847AFC942639643F006C7B5D /* AppTestUITests */,
			);
		};
/* End PBXProject section */

/* Begin PBXResourcesBuildPhase section */
		847AFC722639643E006C7B5D /* Resources */ = {
			isa = PBXResourcesBuildPhase;
			buildActionMask = 2147483647;
			files = (
				847AFC842639643F006C7B5D /* LaunchScreen.storyboard in Resources */,
				847AFC812639643F006C7B5D /* Assets.xcassets in Resources */,
				847AFC7F2639643E006C7B5D /* Main.storyboard in Resources */,
			);
			runOnlyForDeploymentPostprocessing = 0;
		};
		847AFC882639643F006C7B5D /* Resources */ = {
			isa = PBXResourcesBuildPhase;
			buildActionMask = 2147483647;
			files = (
			);
			runOnlyForDeploymentPostprocessing = 0;
		};
		847AFC932639643F006C7B5D /* Resources */ = {
			isa = PBXResourcesBuildPhase;
			buildActionMask = 2147483647;
			files = (
			);
			runOnlyForDeploymentPostprocessing = 0;
		};
/* End PBXResourcesBuildPhase section */

/* Begin PBXSourcesBuildPhase section */
		847AFC702639643E006C7B5D /* Sources */ = {
			isa = PBXSourcesBuildPhase;
			buildActionMask = 2147483647;
			files = (
				847AFC7C2639643E006C7B5D /* ViewController.swift in Sources */,
				847AFC782639643E006C7B5D /* AppDelegate.swift in Sources */,
				847AFC7A2639643E006C7B5D /* SceneDelegate.swift in Sources */,
			);
			runOnlyForDeploymentPostprocessing = 0;
		};
		847AFC862639643F006C7B5D /* Sources */ = {
			isa = PBXSourcesBuildPhase;
			buildActionMask = 2147483647;
			files = (
				847AFC8F2639643F006C7B5D /* AppTestTests.swift in Sources */,
			);
			runOnlyForDeploymentPostprocessing = 0;
		};
		847AFC912639643F006C7B5D /* Sources */ = {
			isa = PBXSourcesBuildPhase;
			buildActionMask = 2147483647;
			files = (
				847AFC9A2639643F006C7B5D /* AppTestUITests.swift in Sources */,
			);
			runOnlyForDeploymentPostprocessing = 0;
		};
/* End PBXSourcesBuildPhase section */

/* Begin PBXTargetDependency section */
		847AFC8C2639643F006C7B5D /* PBXTargetDependency */ = {
			isa = PBXTargetDependency;
			target = 847AFC732639643E006C7B5D /* AppTest */;
			targetProxy = 847AFC8B2639643F006C7B5D /* PBXContainerItemProxy */;
		};
		847AFC972639643F006C7B5D /* PBXTargetDependency */ = {
			isa = PBXTargetDependency;
			target = 847AFC732639643E006C7B5D /* AppTest */;
			targetProxy = 847AFC962639643F006C7B5D /* PBXContainerItemProxy */;
		};
/* End PBXTargetDependency section */

/* Begin PBXVariantGroup section */
		847AFC7D2639643E006C7B5D /* Main.storyboard */ = {
			isa = PBXVariantGroup;
			children = (
				847AFC7E2639643E006C7B5D /* Base */,
			);
			name = Main.storyboard;
			sourceTree = "<group>";
		};
		847AFC822639643F006C7B5D /* LaunchScreen.storyboard */ = {
			isa = PBXVariantGroup;
			children = (
				847AFC832639643F006C7B5D /* Base */,
			);
			name = LaunchScreen.storyboard;
			sourceTree = "<group>";
		};
/* End PBXVariantGroup section */

/* Begin XCBuildConfiguration section */
		847AFC9C2639643F006C7B5D /* Debug */ = {
			isa = XCBuildConfiguration;
			buildSettings = {
				ALWAYS_SEARCH_USER_PATHS = NO;
				CLANG_ANALYZER_NONNULL = YES;
				CLANG_ANALYZER_NUMBER_OBJECT_CONVERSION = YES_AGGRESSIVE;
				CLANG_CXX_LANGUAGE_STANDARD = "gnu++14";
				CLANG_CXX_LIBRARY = "libc++";
				CLANG_ENABLE_MODULES = YES;
				CLANG_ENABLE_OBJC_ARC = YES;
				CLANG_ENABLE_OBJC_WEAK = YES;
				CLANG_WARN_BLOCK_CAPTURE_AUTORELEASING = YES;
				CLANG_WARN_BOOL_CONVERSION = YES;
				CLANG_WARN_COMMA = YES;
				CLANG_WARN_CONSTANT_CONVERSION = YES;
				CLANG_WARN_DEPRECATED_OBJC_IMPLEMENTATIONS = YES;
				CLANG_WARN_DIRECT_OBJC_ISA_USAGE = YES_ERROR;
				CLANG_WARN_DOCUMENTATION_COMMENTS = YES;
				CLANG_WARN_EMPTY_BODY = YES;
				CLANG_WARN_ENUM_CONVERSION = YES;
				CLANG_WARN_INFINITE_RECURSION = YES;
				CLANG_WARN_INT_CONVERSION = YES;
				CLANG_WARN_NON_LITERAL_NULL_CONVERSION = YES;
				CLANG_WARN_OBJC_IMPLICIT_RETAIN_SELF = YES;
				CLANG_WARN_OBJC_LITERAL_CONVERSION = YES;
				CLANG_WARN_OBJC_ROOT_CLASS = YES_ERROR;
				CLANG_WARN_QUOTED_INCLUDE_IN_FRAMEWORK_HEADER = YES;
				CLANG_WARN_RANGE_LOOP_ANALYSIS = YES;
				CLANG_WARN_STRICT_PROTOTYPES = YES;
				CLANG_WARN_SUSPICIOUS_MOVE = YES;
				CLANG_WARN_UNGUARDED_AVAILABILITY = YES_AGGRESSIVE;
				CLANG_WARN_UNREACHABLE_CODE = YES;
				CLANG_WARN__DUPLICATE_METHOD_MATCH = YES;
				COPY_PHASE_STRIP = NO;
				DEBUG_INFORMATION_FORMAT = dwarf;
				ENABLE_STRICT_OBJC_MSGSEND = YES;
				ENABLE_TESTABILITY = YES;
				GCC_C_LANGUAGE_STANDARD = gnu11;
				GCC_DYNAMIC_NO_PIC = NO;
				GCC_NO_COMMON_BLOCKS = YES;
				GCC_OPTIMIZATION_LEVEL = 0;
				GCC_PREPROCESSOR_DEFINITIONS = (
					"DEBUG=1",
					"$(inherited)",
				);
				GCC_WARN_64_TO_32_BIT_CONVERSION = YES;
				GCC_WARN_ABOUT_RETURN_TYPE = YES_ERROR;
				GCC_WARN_UNDECLARED_SELECTOR = YES;
				GCC_WARN_UNINITIALIZED_AUTOS = YES_AGGRESSIVE;
				GCC_WARN_UNUSED_FUNCTION = YES;
				GCC_WARN_UNUSED_VARIABLE = YES;
				IPHONEOS_DEPLOYMENT_TARGET = 14.4;
				MTL_ENABLE_DEBUG_INFO = INCLUDE_SOURCE;
				MTL_FAST_MATH = YES;
				ONLY_ACTIVE_ARCH = YES;
				SDKROOT = iphoneos;
				SWIFT_ACTIVE_COMPILATION_CONDITIONS = DEBUG;
				SWIFT_OPTIMIZATION_LEVEL = "-Onone";
			};
			name = Debug;
		};
		847AFC9D2639643F006C7B5D /* Release */ = {
			isa = XCBuildConfiguration;
			buildSettings = {
				ALWAYS_SEARCH_USER_PATHS = NO;
				CLANG_ANALYZER_NONNULL = YES;
				CLANG_ANALYZER_NUMBER_OBJECT_CONVERSION = YES_AGGRESSIVE;
				CLANG_CXX_LANGUAGE_STANDARD = "gnu++14";
				CLANG_CXX_LIBRARY = "libc++";
				CLANG_ENABLE_MODULES = YES;
				CLANG_ENABLE_OBJC_ARC = YES;
				CLANG_ENABLE_OBJC_WEAK = YES;
				CLANG_WARN_BLOCK_CAPTURE_AUTORELEASING = YES;
				CLANG_WARN_BOOL_CONVERSION = YES;
				CLANG_WARN_COMMA = YES;
				CLANG_WARN_CONSTANT_CONVERSION = YES;
				CLANG_WARN_DEPRECATED_OBJC_IMPLEMENTATIONS = YES;
				CLANG_WARN_DIRECT_OBJC_ISA_USAGE = YES_ERROR;
				CLANG_WARN_DOCUMENTATION_COMMENTS = YES;
				CLANG_WARN_EMPTY_BODY = YES;
				CLANG_WARN_ENUM_CONVERSION = YES;
				CLANG_WARN_INFINITE_RECURSION = YES;
				CLANG_WARN_INT_CONVERSION = YES;
				CLANG_WARN_NON_LITERAL_NULL_CONVERSION = YES;
				CLANG_WARN_OBJC_IMPLICIT_RETAIN_SELF = YES;
				CLANG_WARN_OBJC_LITERAL_CONVERSION = YES;
				CLANG_WARN_OBJC_ROOT_CLASS = YES_ERROR;
				CLANG_WARN_QUOTED_INCLUDE_IN_FRAMEWORK_HEADER = YES;
				CLANG_WARN_RANGE_LOOP_ANALYSIS = YES;
				CLANG_WARN_STRICT_PROTOTYPES = YES;
				CLANG_WARN_SUSPICIOUS_MOVE = YES;
				CLANG_WARN_UNGUARDED_AVAILABILITY = YES_AGGRESSIVE;
				CLANG_WARN_UNREACHABLE_CODE = YES;
				CLANG_WARN__DUPLICATE_METHOD_MATCH = YES;
				COPY_PHASE_STRIP = NO;
				DEBUG_INFORMATION_FORMAT = "dwarf-with-dsym";
				ENABLE_NS_ASSERTIONS = NO;
				ENABLE_STRICT_OBJC_MSGSEND = YES;
				GCC_C_LANGUAGE_STANDARD = gnu11;
				GCC_NO_COMMON_BLOCKS = YES;
				GCC_WARN_64_TO_32_BIT_CONVERSION = YES;
				GCC_WARN_ABOUT_RETURN_TYPE = YES_ERROR;
				GCC_WARN_UNDECLARED_SELECTOR = YES;
				GCC_WARN_UNINITIALIZED_AUTOS = YES_AGGRESSIVE;
				GCC_WARN_UNUSED_FUNCTION = YES;
				GCC_WARN_UNUSED_VARIABLE = YES;
				IPHONEOS_DEPLOYMENT_TARGET = 14.4;
				MTL_ENABLE_DEBUG_INFO = NO;
				MTL_FAST_MATH = YES;
				SDKROOT = iphoneos;
				SWIFT_COMPILATION_MODE = wholemodule;
				SWIFT_OPTIMIZATION_LEVEL = "-O";
				VALIDATE_PRODUCT = YES;
			};
			name = Release;
		};
		847AFC9F2639643F006C7B5D /* Debug */ = {
			isa = XCBuildConfiguration;
			buildSettings = {
				ASSETCATALOG_COMPILER_APPICON_NAME = AppIcon;
				ASSETCATALOG_COMPILER_GLOBAL_ACCENT_COLOR_NAME = AccentColor;
				CODE_SIGN_STYLE = Automatic;
				DEVELOPMENT_TEAM = V5ZKA96MBY;
				FRAMEWORK_SEARCH_PATHS = (
					"$(inherited)",
					"$(PROJECT_DIR)/FrameWorks/Debug-iosuniversal",
					"$(PROJECT_DIR)/FrameWorks",
				);
				INFOPLIST_FILE = AppTest/Info.plist;
				IPHONEOS_DEPLOYMENT_TARGET = 14.1;
				LD_RUNPATH_SEARCH_PATHS = (
					"$(inherited)",
					"@executable_path/Frameworks",
				);
				PRODUCT_BUNDLE_IDENTIFIER = nguyenthaiduongduy.AppTest;
				PRODUCT_NAME = "$(TARGET_NAME)";
				SWIFT_VERSION = 5.0;
				TARGETED_DEVICE_FAMILY = "1,2";
			};
			name = Debug;
		};
		847AFCA02639643F006C7B5D /* Release */ = {
			isa = XCBuildConfiguration;
			buildSettings = {
				ASSETCATALOG_COMPILER_APPICON_NAME = AppIcon;
				ASSETCATALOG_COMPILER_GLOBAL_ACCENT_COLOR_NAME = AccentColor;
				CODE_SIGN_STYLE = Automatic;
				DEVELOPMENT_TEAM = V5ZKA96MBY;
				FRAMEWORK_SEARCH_PATHS = (
					"$(inherited)",
					"$(PROJECT_DIR)/FrameWorks/Debug-iosuniversal",
					"$(PROJECT_DIR)/FrameWorks",
				);
				INFOPLIST_FILE = AppTest/Info.plist;
				IPHONEOS_DEPLOYMENT_TARGET = 14.1;
				LD_RUNPATH_SEARCH_PATHS = (
					"$(inherited)",
					"@executable_path/Frameworks",
				);
				PRODUCT_BUNDLE_IDENTIFIER = nguyenthaiduongduy.AppTest;
				PRODUCT_NAME = "$(TARGET_NAME)";
				SWIFT_VERSION = 5.0;
				TARGETED_DEVICE_FAMILY = "1,2";
			};
			name = Release;
		};
		847AFCA22639643F006C7B5D /* Debug */ = {
			isa = XCBuildConfiguration;
			buildSettings = {
				ALWAYS_EMBED_SWIFT_STANDARD_LIBRARIES = YES;
				BUNDLE_LOADER = "$(TEST_HOST)";
				CODE_SIGN_STYLE = Automatic;
				INFOPLIST_FILE = AppTestTests/Info.plist;
				IPHONEOS_DEPLOYMENT_TARGET = 14.4;
				LD_RUNPATH_SEARCH_PATHS = (
					"$(inherited)",
					"@executable_path/Frameworks",
					"@loader_path/Frameworks",
				);
				PRODUCT_BUNDLE_IDENTIFIER = nguyenthaiduongduy.AppTestTests;
				PRODUCT_NAME = "$(TARGET_NAME)";
				SWIFT_VERSION = 5.0;
				TARGETED_DEVICE_FAMILY = "1,2";
				TEST_HOST = "$(BUILT_PRODUCTS_DIR)/AppTest.app/AppTest";
			};
			name = Debug;
		};
		847AFCA32639643F006C7B5D /* Release */ = {
			isa = XCBuildConfiguration;
			buildSettings = {
				ALWAYS_EMBED_SWIFT_STANDARD_LIBRARIES = YES;
				BUNDLE_LOADER = "$(TEST_HOST)";
				CODE_SIGN_STYLE = Automatic;
				INFOPLIST_FILE = AppTestTests/Info.plist;
				IPHONEOS_DEPLOYMENT_TARGET = 14.4;
				LD_RUNPATH_SEARCH_PATHS = (
					"$(inherited)",
					"@executable_path/Frameworks",
					"@loader_path/Frameworks",
				);
				PRODUCT_BUNDLE_IDENTIFIER = nguyenthaiduongduy.AppTestTests;
				PRODUCT_NAME = "$(TARGET_NAME)";
				SWIFT_VERSION = 5.0;
				TARGETED_DEVICE_FAMILY = "1,2";
				TEST_HOST = "$(BUILT_PRODUCTS_DIR)/AppTest.app/AppTest";
			};
			name = Release;
		};
		847AFCA52639643F006C7B5D /* Debug */ = {
			isa = XCBuildConfiguration;
			buildSettings = {
				ALWAYS_EMBED_SWIFT_STANDARD_LIBRARIES = YES;
				CODE_SIGN_STYLE = Automatic;
				INFOPLIST_FILE = AppTestUITests/Info.plist;
				LD_RUNPATH_SEARCH_PATHS = (
					"$(inherited)",
					"@executable_path/Frameworks",
					"@loader_path/Frameworks",
				);
				PRODUCT_BUNDLE_IDENTIFIER = nguyenthaiduongduy.AppTestUITests;
				PRODUCT_NAME = "$(TARGET_NAME)";
				SWIFT_VERSION = 5.0;
				TARGETED_DEVICE_FAMILY = "1,2";
				TEST_TARGET_NAME = AppTest;
			};
			name = Debug;
		};
		847AFCA62639643F006C7B5D /* Release */ = {
			isa = XCBuildConfiguration;
			buildSettings = {
				ALWAYS_EMBED_SWIFT_STANDARD_LIBRARIES = YES;
				CODE_SIGN_STYLE = Automatic;
				INFOPLIST_FILE = AppTestUITests/Info.plist;
				LD_RUNPATH_SEARCH_PATHS = (
					"$(inherited)",
					"@executable_path/Frameworks",
					"@loader_path/Frameworks",
				);
				PRODUCT_BUNDLE_IDENTIFIER = nguyenthaiduongduy.AppTestUITests;
				PRODUCT_NAME = "$(TARGET_NAME)";
				SWIFT_VERSION = 5.0;
				TARGETED_DEVICE_FAMILY = "1,2";
				TEST_TARGET_NAME = AppTest;
			};
			name = Release;
		};
/* End XCBuildConfiguration section */

/* Begin XCConfigurationList section */
		847AFC6F2639643E006C7B5D /* Build configuration list for PBXProject "AppTest" */ = {
			isa = XCConfigurationList;
			buildConfigurations = (
				847AFC9C2639643F006C7B5D /* Debug */,
				847AFC9D2639643F006C7B5D /* Release */,
			);
			defaultConfigurationIsVisible = 0;
			defaultConfigurationName = Release;
		};
		847AFC9E2639643F006C7B5D /* Build configuration list for PBXNativeTarget "AppTest" */ = {
			isa = XCConfigurationList;
			buildConfigurations = (
				847AFC9F2639643F006C7B5D /* Debug */,
				847AFCA02639643F006C7B5D /* Release */,
			);
			defaultConfigurationIsVisible = 0;
			defaultConfigurationName = Release;
		};
		847AFCA12639643F006C7B5D /* Build configuration list for PBXNativeTarget "AppTestTests" */ = {
			isa = XCConfigurationList;
			buildConfigurations = (
				847AFCA22639643F006C7B5D /* Debug */,
				847AFCA32639643F006C7B5D /* Release */,
			);
			defaultConfigurationIsVisible = 0;
			defaultConfigurationName = Release;
		};
		847AFCA42639643F006C7B5D /* Build configuration list for PBXNativeTarget "AppTestUITests" */ = {
			isa = XCConfigurationList;
			buildConfigurations = (
				847AFCA52639643F006C7B5D /* Debug */,
				847AFCA62639643F006C7B5D /* Release */,
			);
			defaultConfigurationIsVisible = 0;
			defaultConfigurationName = Release;
		};
/* End XCConfigurationList section */
	};
	rootObject = 847AFC6C2639643E006C7B5D /* Project object */;
}
